
Microsoft Visual Studio Solution File, Format Version 12.00
# Visual Studio Version 17
VisualStudioVersion = 17.9.34511.98
MinimumVisualStudioVersion = 10.0.40219.1
Project("{FAE04EC0-301F-11D3-BF4B-00C04F79EFBC}") = "Turbine", "Turbine\Turbine.csproj", "{CE2890F2-AC73-4C35-BC84-7373DDEDBC94}"
EndProject
Global
	GlobalSection(SolutionConfigurationPlatforms) = preSolution
		Debug|Any CPU = Debug|Any CPU
		Release|Any CPU = Release|Any CPU
	EndGlobalSection
	GlobalSection(ProjectConfigurationPlatforms) = postSolution
		{CE2890F2-AC73-4C35-BC84-7373DDEDBC94}.Debug|Any CPU.ActiveCfg = Debug|Any CPU
		{CE2890F2-AC73-4C35-BC84-7373DDEDBC94}.Debug|Any CPU.Build.0 = Debug|Any CPU
		{CE2890F2-AC73-4C35-BC84-7373DDEDBC94}.Release|Any CPU.ActiveCfg = Release|Any CPU
		{CE2890F2-AC73-4C35-BC84-7373DDEDBC94}.Release|Any CPU.Build.0 = Release|Any CPU
	EndGlobalSection
	GlobalSection(SolutionProperties) = preSolution
		HideSolutionNode = FALSE
	EndGlobalSection
	GlobalSection(ExtensibilityGlobals) = postSolution
		SolutionGuid = {7B8B05E9-C274-4798-9571-FFB9B3D38533}
	EndGlobalSection
EndGlobal
